#
# This file is autogenerated by pip-compile with Python 3.12
# by the following command:
#
#    pip-compile --no-index --output-file=requirements.lock --strip-extras pyproject.toml
#
alembic==1.19.1
    # via resume-copilot (pyproject.toml)
annotated-doc==0.0.5
    # via fastapi
annotated-types==0.8.0
    # via pydantic
anyio==4.14.2
    # via
    #   starlette
    #   watchfiles
argon2-cffi==25.1.0
    # via pwdlib
argon2-cffi-bindings==26.1.0
    # via argon2-cffi
asyncpg==0.31.0
    # via resume-copilot (pyproject.toml)
cffi==2.1.1
    # via argon2-cffi-bindings
click==8.5.0
    # via uvicorn
fastapi==0.141.1
    # via resume-copilot (pyproject.toml)
greenlet==3.5.5
    # via sqlalchemy
h11==0.16.0
    # via uvicorn
httptools==0.8.0
    # via uvicorn
idna==3.19
    # via anyio
mako==1.4.1
    # via alembic
markupsafe==3.0.3
    # via mako
pwdlib==0.3.1
    # via resume-copilot (pyproject.toml)
pycparser==3.0
    # via cffi
pydantic==2.13.5
    # via
    #   fastapi
    #   pydantic-settings
pydantic-core==2.46.5
    # via pydantic
pydantic-settings==2.15.0
    # via resume-copilot (pyproject.toml)
pymupdf==1.28.2
    # via resume-copilot (pyproject.toml)
pyjwt==2.13.0
    # via resume-copilot (pyproject.toml)
python-docx==1.2.0
    # via resume-copilot (pyproject.toml)
python-dotenv==1.2.3
    # via
    #   pydantic-settings
    #   uvicorn
python-multipart==0.0.32
    # via resume-copilot (pyproject.toml)
pyyaml==6.0.3
    # via uvicorn
redis==7.4.1
    # via resume-copilot (pyproject.toml)
lxml==6.1.3
    # via python-docx
sqlalchemy==2.0.52
    # via
    #   alembic
    #   resume-copilot (pyproject.toml)
starlette==1.6.0
    # via fastapi
typing-extensions==4.16.0
    # via
    #   alembic
    #   anyio
    #   fastapi
    #   pydantic
    #   pydantic-core
    #   sqlalchemy
    #   starlette
    #   typing-inspection
typing-inspection==0.4.4
    # via
    #   fastapi
    #   pydantic
    #   pydantic-settings
uvicorn==0.52.4
    # via resume-copilot (pyproject.toml)
uvloop==0.22.1
    # via uvicorn
watchfiles==1.2.0
    # via uvicorn
websockets==17.1
    # via uvicorn

pgvector==0.5.0
    # via backend
